
Microsoft Visual Studio Solution File, Format Version 12.00
# Visual Studio Version 17
VisualStudioVersion = 17.5.2.0
MinimumVisualStudioVersion = 10.0.40219.1
Project("{FAE04EC0-301F-11D3-BF4B-00C04F79EFBC}") = "Stash.Tests", "Stash.Tests\Stash.Tests.csproj", "{FC9A3735-3E48-4F03-B11D-CE3756C578CB}"
EndProject
Project("{FAE04EC0-301F-11D3-BF4B-00C04F79EFBC}") = "Stash.Core", "Stash.Core\Stash.Core.csproj", "{447982DD-4DEC-44B7-81E6-9EE984C26C08}"
EndProject
Project("{FAE04EC0-301F-11D3-BF4B-00C04F79EFBC}") = "Stash.Interpreter", "Stash.Interpreter\Stash.Interpreter.csproj", "{B8F0D2C9-60AF-4048-9507-E08F1E3652CF}"
EndProject
Project("{FAE04EC0-301F-11D3-BF4B-00C04F79EFBC}") = "Stash.Lsp", "Stash.Lsp\Stash.Lsp.csproj", "{77377D37-E8D7-4426-A1FB-73A412840BC6}"
EndProject
Project("{FAE04EC0-301F-11D3-BF4B-00C04F79EFBC}") = "Stash.Dap", "Stash.Dap\Stash.Dap.csproj", "{89F18772-901E-416B-9F82-09C00B11DC8B}"
EndProject
Project("{FAE04EC0-301F-11D3-BF4B-00C04F79EFBC}") = "Stash.Cli", "Stash.Cli\Stash.Cli.csproj", "{5C8D3A7F-E241-4B96-A0D5-F3E2C1B87A64}"
EndProject
Project("{FAE04EC0-301F-11D3-BF4B-00C04F79EFBC}") = "Stash.Registry", "Stash.Registry\Stash.Registry.csproj", "{28A97F97-B0B8-4E15-A248-148F90439496}"
EndProject
Project("{FAE04EC0-301F-11D3-BF4B-00C04F79EFBC}") = "Stash.Playground", "Stash.Playground\Stash.Playground.csproj", "{3D7B2A1F-4E89-4C56-A9B0-D5F3E7C12483}"
EndProject
Project("{FAE04EC0-301F-11D3-BF4B-00C04F79EFBC}") = "Stash.Analysis", "Stash.Analysis\Stash.Analysis.csproj", "{8F2164D9-9DBA-4AAF-A5D9-9A525E958D94}"
EndProject
Project("{FAE04EC0-301F-11D3-BF4B-00C04F79EFBC}") = "Stash.Stdlib", "Stash.Stdlib\Stash.Stdlib.csproj", "{E4C4211F-9B8A-490D-9F25-090CCB66F375}"
EndProject
Project("{FAE04EC0-301F-11D3-BF4B-00C04F79EFBC}") = "Stash.Tpl", "Stash.Tpl\Stash.Tpl.csproj", "{9F56178F-810D-4C7E-884A-39ECBD7352CA}"
EndProject
Project("{FAE04EC0-301F-11D3-BF4B-00C04F79EFBC}") = "Stash.Tap", "Stash.Tap\Stash.Tap.csproj", "{02323464-5FE0-4286-80CE-210D55FB66AB}"
EndProject
Project("{FAE04EC0-301F-11D3-BF4B-00C04F79EFBC}") = "Stash.Check", "Stash.Check\Stash.Check.csproj", "{7A3C5F1D-8B4E-4A2C-9F6D-B3E2A1C4D5E6}"
EndProject
Project("{FAE04EC0-301F-11D3-BF4B-00C04F79EFBC}") = "Stash.Format", "Stash.Format\Stash.Format.csproj", "{1224225C-BBDC-4227-8B59-C03EB78F02A2}"
EndProject
Project("{FAE04EC0-301F-11D3-BF4B-00C04F79EFBC}") = "Stash.Bytecode", "Stash.Bytecode\Stash.Bytecode.csproj", "{AF7A1B04-41A4-4E6A-B667-AF7B6A616327}"
EndProject
Global
	GlobalSection(SolutionConfigurationPlatforms) = preSolution
		Debug|Any CPU = Debug|Any CPU
		Debug|x64 = Debug|x64
		Debug|x86 = Debug|x86
		Release|Any CPU = Release|Any CPU
		Release|x64 = Release|x64
		Release|x86 = Release|x86
	EndGlobalSection
	GlobalSection(ProjectConfigurationPlatforms) = postSolution
		{FC9A3735-3E48-4F03-B11D-CE3756C578CB}.Debug|Any CPU.ActiveCfg = Debug|Any CPU
		{FC9A3735-3E48-4F03-B11D-CE3756C578CB}.Debug|Any CPU.Build.0 = Debug|Any CPU
		{FC9A3735-3E48-4F03-B11D-CE3756C578CB}.Debug|x64.ActiveCfg = Debug|Any CPU
		{FC9A3735-3E48-4F03-B11D-CE3756C578CB}.Debug|x64.Build.0 = Debug|Any CPU
		{FC9A3735-3E48-4F03-B11D-CE3756C578CB}.Debug|x86.ActiveCfg = Debug|Any CPU
		{FC9A3735-3E48-4F03-B11D-CE3756C578CB}.Debug|x86.Build.0 = Debug|Any CPU
		{FC9A3735-3E48-4F03-B11D-CE3756C578CB}.Release|Any CPU.ActiveCfg = Release|Any CPU
		{FC9A3735-3E48-4F03-B11D-CE3756C578CB}.Release|Any CPU.Build.0 = Release|Any CPU
		{FC9A3735-3E48-4F03-B11D-CE3756C578CB}.Release|x64.ActiveCfg = Release|Any CPU
		{FC9A3735-3E48-4F03-B11D-CE3756C578CB}.Release|x64.Build.0 = Release|Any CPU
		{FC9A3735-3E48-4F03-B11D-CE3756C578CB}.Release|x86.ActiveCfg = Release|Any CPU
		{FC9A3735-3E48-4F03-B11D-CE3756C578CB}.Release|x86.Build.0 = Release|Any CPU
		{447982DD-4DEC-44B7-81E6-9EE984C26C08}.Debug|Any CPU.ActiveCfg = Debug|Any CPU
		{447982DD-4DEC-44B7-81E6-9EE984C26C08}.Debug|Any CPU.Build.0 = Debug|Any CPU
		{447982DD-4DEC-44B7-81E6-9EE984C26C08}.Debug|x64.ActiveCfg = Debug|Any CPU
		{447982DD-4DEC-44B7-81E6-9EE984C26C08}.Debug|x64.Build.0 = Debug|Any CPU
		{447982DD-4DEC-44B7-81E6-9EE984C26C08}.Debug|x86.ActiveCfg = Debug|Any CPU
		{447982DD-4DEC-44B7-81E6-9EE984C26C08}.Debug|x86.Build.0 = Debug|Any CPU
		{447982DD-4DEC-44B7-81E6-9EE984C26C08}.Release|Any CPU.ActiveCfg = Release|Any CPU
		{447982DD-4DEC-44B7-81E6-9EE984C26C08}.Release|Any CPU.Build.0 = Release|Any CPU
		{447982DD-4DEC-44B7-81E6-9EE984C26C08}.Release|x64.ActiveCfg = Release|Any CPU
		{447982DD-4DEC-44B7-81E6-9EE984C26C08}.Release|x64.Build.0 = Release|Any CPU
		{447982DD-4DEC-44B7-81E6-9EE984C26C08}.Release|x86.ActiveCfg = Release|Any CPU
		{447982DD-4DEC-44B7-81E6-9EE984C26C08}.Release|x86.Build.0 = Release|Any CPU
		{B8F0D2C9-60AF-4048-9507-E08F1E3652CF}.Debug|Any CPU.ActiveCfg = Debug|Any CPU
		{B8F0D2C9-60AF-4048-9507-E08F1E3652CF}.Debug|Any CPU.Build.0 = Debug|Any CPU
		{B8F0D2C9-60AF-4048-9507-E08F1E3652CF}.Debug|x64.ActiveCfg = Debug|Any CPU
		{B8F0D2C9-60AF-4048-9507-E08F1E3652CF}.Debug|x64.Build.0 = Debug|Any CPU
		{B8F0D2C9-60AF-4048-9507-E08F1E3652CF}.Debug|x86.ActiveCfg = Debug|Any CPU
		{B8F0D2C9-60AF-4048-9507-E08F1E3652CF}.Debug|x86.Build.0 = Debug|Any CPU
		{B8F0D2C9-60AF-4048-9507-E08F1E3652CF}.Release|Any CPU.ActiveCfg = Release|Any CPU
		{B8F0D2C9-60AF-4048-9507-E08F1E3652CF}.Release|Any CPU.Build.0 = Release|Any CPU
		{B8F0D2C9-60AF-4048-9507-E08F1E3652CF}.Release|x64.ActiveCfg = Release|Any CPU
		{B8F0D2C9-60AF-4048-9507-E08F1E3652CF}.Release|x64.Build.0 = Release|Any CPU
		{B8F0D2C9-60AF-4048-9507-E08F1E3652CF}.Release|x86.ActiveCfg = Release|Any CPU
		{B8F0D2C9-60AF-4048-9507-E08F1E3652CF}.Release|x86.Build.0 = Release|Any CPU
		{77377D37-E8D7-4426-A1FB-73A412840BC6}.Debug|Any CPU.ActiveCfg = Debug|Any CPU
		{77377D37-E8D7-4426-A1FB-73A412840BC6}.Debug|Any CPU.Build.0 = Debug|Any CPU
		{77377D37-E8D7-4426-A1FB-73A412840BC6}.Debug|x64.ActiveCfg = Debug|Any CPU
		{77377D37-E8D7-4426-A1FB-73A412840BC6}.Debug|x64.Build.0 = Debug|Any CPU
		{77377D37-E8D7-4426-A1FB-73A412840BC6}.Debug|x86.ActiveCfg = Debug|Any CPU
		{77377D37-E8D7-4426-A1FB-73A412840BC6}.Debug|x86.Build.0 = Debug|Any CPU
		{77377D37-E8D7-4426-A1FB-73A412840BC6}.Release|Any CPU.ActiveCfg = Release|Any CPU
		{77377D37-E8D7-4426-A1FB-73A412840BC6}.Release|Any CPU.Build.0 = Release|Any CPU
		{77377D37-E8D7-4426-A1FB-73A412840BC6}.Release|x64.ActiveCfg = Release|Any CPU
		{77377D37-E8D7-4426-A1FB-73A412840BC6}.Release|x64.Build.0 = Release|Any CPU
		{77377D37-E8D7-4426-A1FB-73A412840BC6}.Release|x86.ActiveCfg = Release|Any CPU
		{77377D37-E8D7-4426-A1FB-73A412840BC6}.Release|x86.Build.0 = Release|Any CPU
		{89F18772-901E-416B-9F82-09C00B11DC8B}.Debug|Any CPU.ActiveCfg = Debug|Any CPU
		{89F18772-901E-416B-9F82-09C00B11DC8B}.Debug|Any CPU.Build.0 = Debug|Any CPU
		{89F18772-901E-416B-9F82-09C00B11DC8B}.Debug|x64.ActiveCfg = Debug|Any CPU
		{89F18772-901E-416B-9F82-09C00B11DC8B}.Debug|x64.Build.0 = Debug|Any CPU
		{89F18772-901E-416B-9F82-09C00B11DC8B}.Debug|x86.ActiveCfg = Debug|Any CPU
		{89F18772-901E-416B-9F82-09C00B11DC8B}.Debug|x86.Build.0 = Debug|Any CPU
		{89F18772-901E-416B-9F82-09C00B11DC8B}.Release|Any CPU.ActiveCfg = Release|Any CPU
		{89F18772-901E-416B-9F82-09C00B11DC8B}.Release|Any CPU.Build.0 = Release|Any CPU
		{89F18772-901E-416B-9F82-09C00B11DC8B}.Release|x64.ActiveCfg = Release|Any CPU
		{89F18772-901E-416B-9F82-09C00B11DC8B}.Release|x64.Build.0 = Release|Any CPU
		{89F18772-901E-416B-9F82-09C00B11DC8B}.Release|x86.ActiveCfg = Release|Any CPU
		{89F18772-901E-416B-9F82-09C00B11DC8B}.Release|x86.Build.0 = Release|Any CPU
		{5C8D3A7F-E241-4B96-A0D5-F3E2C1B87A64}.Debug|Any CPU.ActiveCfg = Debug|Any CPU
		{5C8D3A7F-E241-4B96-A0D5-F3E2C1B87A64}.Debug|Any CPU.Build.0 = Debug|Any CPU
		{5C8D3A7F-E241-4B96-A0D5-F3E2C1B87A64}.Debug|x64.ActiveCfg = Debug|Any CPU
		{5C8D3A7F-E241-4B96-A0D5-F3E2C1B87A64}.Debug|x64.Build.0 = Debug|Any CPU
		{5C8D3A7F-E241-4B96-A0D5-F3E2C1B87A64}.Debug|x86.ActiveCfg = Debug|Any CPU
		{5C8D3A7F-E241-4B96-A0D5-F3E2C1B87A64}.Debug|x86.Build.0 = Debug|Any CPU
		{5C8D3A7F-E241-4B96-A0D5-F3E2C1B87A64}.Release|Any CPU.ActiveCfg = Release|Any CPU
		{5C8D3A7F-E241-4B96-A0D5-F3E2C1B87A64}.Release|Any CPU.Build.0 = Release|Any CPU
		{5C8D3A7F-E241-4B96-A0D5-F3E2C1B87A64}.Release|x64.ActiveCfg = Release|Any CPU
		{5C8D3A7F-E241-4B96-A0D5-F3E2C1B87A64}.Release|x64.Build.0 = Release|Any CPU
		{5C8D3A7F-E241-4B96-A0D5-F3E2C1B87A64}.Release|x86.ActiveCfg = Release|Any CPU
		{5C8D3A7F-E241-4B96-A0D5-F3E2C1B87A64}.Release|x86.Build.0 = Release|Any CPU
		{28A97F97-B0B8-4E15-A248-148F90439496}.Debug|Any CPU.ActiveCfg = Debug|Any CPU
		{28A97F97-B0B8-4E15-A248-148F90439496}.Debug|Any CPU.Build.0 = Debug|Any CPU
		{28A97F97-B0B8-4E15-A248-148F90439496}.Debug|x64.ActiveCfg = Debug|Any CPU
		{28A97F97-B0B8-4E15-A248-148F90439496}.Debug|x64.Build.0 = Debug|Any CPU
		{28A97F97-B0B8-4E15-A248-148F90439496}.Debug|x86.ActiveCfg = Debug|Any CPU
		{28A97F97-B0B8-4E15-A248-148F90439496}.Debug|x86.Build.0 = Debug|Any CPU
		{28A97F97-B0B8-4E15-A248-148F90439496}.Release|Any CPU.ActiveCfg = Release|Any CPU
		{28A97F97-B0B8-4E15-A248-148F90439496}.Release|Any CPU.Build.0 = Release|Any CPU
		{28A97F97-B0B8-4E15-A248-148F90439496}.Release|x64.ActiveCfg = Release|Any CPU
		{28A97F97-B0B8-4E15-A248-148F90439496}.Release|x64.Build.0 = Release|Any CPU
		{28A97F97-B0B8-4E15-A248-148F90439496}.Release|x86.ActiveCfg = Release|Any CPU
		{28A97F97-B0B8-4E15-A248-148F90439496}.Release|x86.Build.0 = Release|Any CPU
		{3D7B2A1F-4E89-4C56-A9B0-D5F3E7C12483}.Debug|Any CPU.ActiveCfg = Debug|Any CPU
		{3D7B2A1F-4E89-4C56-A9B0-D5F3E7C12483}.Debug|Any CPU.Build.0 = Debug|Any CPU
		{3D7B2A1F-4E89-4C56-A9B0-D5F3E7C12483}.Debug|x64.ActiveCfg = Debug|Any CPU
		{3D7B2A1F-4E89-4C56-A9B0-D5F3E7C12483}.Debug|x64.Build.0 = Debug|Any CPU
		{3D7B2A1F-4E89-4C56-A9B0-D5F3E7C12483}.Debug|x86.ActiveCfg = Debug|Any CPU
		{3D7B2A1F-4E89-4C56-A9B0-D5F3E7C12483}.Debug|x86.Build.0 = Debug|Any CPU
		{3D7B2A1F-4E89-4C56-A9B0-D5F3E7C12483}.Release|Any CPU.ActiveCfg = Release|Any CPU
		{3D7B2A1F-4E89-4C56-A9B0-D5F3E7C12483}.Release|Any CPU.Build.0 = Release|Any CPU
		{3D7B2A1F-4E89-4C56-A9B0-D5F3E7C12483}.Release|x64.ActiveCfg = Release|Any CPU
		{3D7B2A1F-4E89-4C56-A9B0-D5F3E7C12483}.Release|x64.Build.0 = Release|Any CPU
		{3D7B2A1F-4E89-4C56-A9B0-D5F3E7C12483}.Release|x86.ActiveCfg = Release|Any CPU
		{3D7B2A1F-4E89-4C56-A9B0-D5F3E7C12483}.Release|x86.Build.0 = Release|Any CPU
		{8F2164D9-9DBA-4AAF-A5D9-9A525E958D94}.Debug|Any CPU.ActiveCfg = Debug|Any CPU
		{8F2164D9-9DBA-4AAF-A5D9-9A525E958D94}.Debug|Any CPU.Build.0 = Debug|Any CPU
		{8F2164D9-9DBA-4AAF-A5D9-9A525E958D94}.Debug|x64.ActiveCfg = Debug|Any CPU
		{8F2164D9-9DBA-4AAF-A5D9-9A525E958D94}.Debug|x64.Build.0 = Debug|Any CPU
		{8F2164D9-9DBA-4AAF-A5D9-9A525E958D94}.Debug|x86.ActiveCfg = Debug|Any CPU
		{8F2164D9-9DBA-4AAF-A5D9-9A525E958D94}.Debug|x86.Build.0 = Debug|Any CPU
		{8F2164D9-9DBA-4AAF-A5D9-9A525E958D94}.Release|Any CPU.ActiveCfg = Release|Any CPU
		{8F2164D9-9DBA-4AAF-A5D9-9A525E958D94}.Release|Any CPU.Build.0 = Release|Any CPU
		{8F2164D9-9DBA-4AAF-A5D9-9A525E958D94}.Release|x64.ActiveCfg = Release|Any CPU
		{8F2164D9-9DBA-4AAF-A5D9-9A525E958D94}.Release|x64.Build.0 = Release|Any CPU
		{8F2164D9-9DBA-4AAF-A5D9-9A525E958D94}.Release|x86.ActiveCfg = Release|Any CPU
		{8F2164D9-9DBA-4AAF-A5D9-9A525E958D94}.Release|x86.Build.0 = Release|Any CPU
		{E4C4211F-9B8A-490D-9F25-090CCB66F375}.Debug|Any CPU.ActiveCfg = Debug|Any CPU
		{E4C4211F-9B8A-490D-9F25-090CCB66F375}.Debug|Any CPU.Build.0 = Debug|Any CPU
		{E4C4211F-9B8A-490D-9F25-090CCB66F375}.Debug|x64.ActiveCfg = Debug|Any CPU
		{E4C4211F-9B8A-490D-9F25-090CCB66F375}.Debug|x64.Build.0 = Debug|Any CPU
		{E4C4211F-9B8A-490D-9F25-090CCB66F375}.Debug|x86.ActiveCfg = Debug|Any CPU
		{E4C4211F-9B8A-490D-9F25-090CCB66F375}.Debug|x86.Build.0 = Debug|Any CPU
		{E4C4211F-9B8A-490D-9F25-090CCB66F375}.Release|Any CPU.ActiveCfg = Release|Any CPU
		{E4C4211F-9B8A-490D-9F25-090CCB66F375}.Release|Any CPU.Build.0 = Release|Any CPU
		{E4C4211F-9B8A-490D-9F25-090CCB66F375}.Release|x64.ActiveCfg = Release|Any CPU
		{E4C4211F-9B8A-490D-9F25-090CCB66F375}.Release|x64.Build.0 = Release|Any CPU
		{E4C4211F-9B8A-490D-9F25-090CCB66F375}.Release|x86.ActiveCfg = Release|Any CPU
		{E4C4211F-9B8A-490D-9F25-090CCB66F375}.Release|x86.Build.0 = Release|Any CPU
		{9F56178F-810D-4C7E-884A-39ECBD7352CA}.Debug|Any CPU.ActiveCfg = Debug|Any CPU
		{9F56178F-810D-4C7E-884A-39ECBD7352CA}.Debug|Any CPU.Build.0 = Debug|Any CPU
		{9F56178F-810D-4C7E-884A-39ECBD7352CA}.Debug|x64.ActiveCfg = Debug|Any CPU
		{9F56178F-810D-4C7E-884A-39ECBD7352CA}.Debug|x64.Build.0 = Debug|Any CPU
		{9F56178F-810D-4C7E-884A-39ECBD7352CA}.Debug|x86.ActiveCfg = Debug|Any CPU
		{9F56178F-810D-4C7E-884A-39ECBD7352CA}.Debug|x86.Build.0 = Debug|Any CPU
		{9F56178F-810D-4C7E-884A-39ECBD7352CA}.Release|Any CPU.ActiveCfg = Release|Any CPU
		{9F56178F-810D-4C7E-884A-39ECBD7352CA}.Release|Any CPU.Build.0 = Release|Any CPU
		{9F56178F-810D-4C7E-884A-39ECBD7352CA}.Release|x64.ActiveCfg = Release|Any CPU
		{9F56178F-810D-4C7E-884A-39ECBD7352CA}.Release|x64.Build.0 = Release|Any CPU
		{9F56178F-810D-4C7E-884A-39ECBD7352CA}.Release|x86.ActiveCfg = Release|Any CPU
		{9F56178F-810D-4C7E-884A-39ECBD7352CA}.Release|x86.Build.0 = Release|Any CPU
		{02323464-5FE0-4286-80CE-210D55FB66AB}.Debug|Any CPU.ActiveCfg = Debug|Any CPU
		{02323464-5FE0-4286-80CE-210D55FB66AB}.Debug|Any CPU.Build.0 = Debug|Any CPU
		{02323464-5FE0-4286-80CE-210D55FB66AB}.Debug|x64.ActiveCfg = Debug|Any CPU
		{02323464-5FE0-4286-80CE-210D55FB66AB}.Debug|x64.Build.0 = Debug|Any CPU
		{02323464-5FE0-4286-80CE-210D55FB66AB}.Debug|x86.ActiveCfg = Debug|Any CPU
		{02323464-5FE0-4286-80CE-210D55FB66AB}.Debug|x86.Build.0 = Debug|Any CPU
		{02323464-5FE0-4286-80CE-210D55FB66AB}.Release|Any CPU.ActiveCfg = Release|Any CPU
		{02323464-5FE0-4286-80CE-210D55FB66AB}.Release|Any CPU.Build.0 = Release|Any CPU
		{02323464-5FE0-4286-80CE-210D55FB66AB}.Release|x64.ActiveCfg = Release|Any CPU
		{02323464-5FE0-4286-80CE-210D55FB66AB}.Release|x64.Build.0 = Release|Any CPU
		{02323464-5FE0-4286-80CE-210D55FB66AB}.Release|x86.ActiveCfg = Release|Any CPU
		{02323464-5FE0-4286-80CE-210D55FB66AB}.Release|x86.Build.0 = Release|Any CPU
		{7A3C5F1D-8B4E-4A2C-9F6D-B3E2A1C4D5E6}.Debug|Any CPU.ActiveCfg = Debug|Any CPU
		{7A3C5F1D-8B4E-4A2C-9F6D-B3E2A1C4D5E6}.Debug|Any CPU.Build.0 = Debug|Any CPU
		{7A3C5F1D-8B4E-4A2C-9F6D-B3E2A1C4D5E6}.Debug|x64.ActiveCfg = Debug|Any CPU
		{7A3C5F1D-8B4E-4A2C-9F6D-B3E2A1C4D5E6}.Debug|x64.Build.0 = Debug|Any CPU
		{7A3C5F1D-8B4E-4A2C-9F6D-B3E2A1C4D5E6}.Debug|x86.ActiveCfg = Debug|Any CPU
		{7A3C5F1D-8B4E-4A2C-9F6D-B3E2A1C4D5E6}.Debug|x86.Build.0 = Debug|Any CPU
		{7A3C5F1D-8B4E-4A2C-9F6D-B3E2A1C4D5E6}.Release|Any CPU.ActiveCfg = Release|Any CPU
		{7A3C5F1D-8B4E-4A2C-9F6D-B3E2A1C4D5E6}.Release|Any CPU.Build.0 = Release|Any CPU
		{7A3C5F1D-8B4E-4A2C-9F6D-B3E2A1C4D5E6}.Release|x64.ActiveCfg = Release|Any CPU
		{7A3C5F1D-8B4E-4A2C-9F6D-B3E2A1C4D5E6}.Release|x64.Build.0 = Release|Any CPU
		{7A3C5F1D-8B4E-4A2C-9F6D-B3E2A1C4D5E6}.Release|x86.ActiveCfg = Release|Any CPU
		{7A3C5F1D-8B4E-4A2C-9F6D-B3E2A1C4D5E6}.Release|x86.Build.0 = Release|Any CPU
		{1224225C-BBDC-4227-8B59-C03EB78F02A2}.Debug|Any CPU.ActiveCfg = Debug|Any CPU
		{1224225C-BBDC-4227-8B59-C03EB78F02A2}.Debug|Any CPU.Build.0 = Debug|Any CPU
		{1224225C-BBDC-4227-8B59-C03EB78F02A2}.Debug|x64.ActiveCfg = Debug|Any CPU
		{1224225C-BBDC-4227-8B59-C03EB78F02A2}.Debug|x64.Build.0 = Debug|Any CPU
		{1224225C-BBDC-4227-8B59-C03EB78F02A2}.Debug|x86.ActiveCfg = Debug|Any CPU
		{1224225C-BBDC-4227-8B59-C03EB78F02A2}.Debug|x86.Build.0 = Debug|Any CPU
		{1224225C-BBDC-4227-8B59-C03EB78F02A2}.Release|Any CPU.ActiveCfg = Release|Any CPU
		{1224225C-BBDC-4227-8B59-C03EB78F02A2}.Release|Any CPU.Build.0 = Release|Any CPU
		{1224225C-BBDC-4227-8B59-C03EB78F02A2}.Release|x64.ActiveCfg = Release|Any CPU
		{1224225C-BBDC-4227-8B59-C03EB78F02A2}.Release|x64.Build.0 = Release|Any CPU
		{1224225C-BBDC-4227-8B59-C03EB78F02A2}.Release|x86.ActiveCfg = Release|Any CPU
		{1224225C-BBDC-4227-8B59-C03EB78F02A2}.Release|x86.Build.0 = Release|Any CPU
		{AF7A1B04-41A4-4E6A-B667-AF7B6A616327}.Debug|Any CPU.ActiveCfg = Debug|Any CPU
		{AF7A1B04-41A4-4E6A-B667-AF7B6A616327}.Debug|Any CPU.Build.0 = Debug|Any CPU
		{AF7A1B04-41A4-4E6A-B667-AF7B6A616327}.Debug|x64.ActiveCfg = Debug|Any CPU
		{AF7A1B04-41A4-4E6A-B667-AF7B6A616327}.Debug|x64.Build.0 = Debug|Any CPU
		{AF7A1B04-41A4-4E6A-B667-AF7B6A616327}.Debug|x86.ActiveCfg = Debug|Any CPU
		{AF7A1B04-41A4-4E6A-B667-AF7B6A616327}.Debug|x86.Build.0 = Debug|Any CPU
		{AF7A1B04-41A4-4E6A-B667-AF7B6A616327}.Release|Any CPU.ActiveCfg = Release|Any CPU
		{AF7A1B04-41A4-4E6A-B667-AF7B6A616327}.Release|Any CPU.Build.0 = Release|Any CPU
		{AF7A1B04-41A4-4E6A-B667-AF7B6A616327}.Release|x64.ActiveCfg = Release|Any CPU
		{AF7A1B04-41A4-4E6A-B667-AF7B6A616327}.Release|x64.Build.0 = Release|Any CPU
		{AF7A1B04-41A4-4E6A-B667-AF7B6A616327}.Release|x86.ActiveCfg = Release|Any CPU
		{AF7A1B04-41A4-4E6A-B667-AF7B6A616327}.Release|x86.Build.0 = Release|Any CPU
	EndGlobalSection
	GlobalSection(SolutionProperties) = preSolution
		HideSolutionNode = FALSE
	EndGlobalSection
	GlobalSection(ExtensibilityGlobals) = postSolution
		SolutionGuid = {2C6B084A-D3AE-4FAC-BFD4-36D14740A3CC}
	EndGlobalSection
EndGlobal
